
Microsoft Visual Studio Solution File, Format Version 12.00
# Visual Studio Version 16
VisualStudioVersion = 16.0.31105.61
MinimumVisualStudioVersion = 10.0.40219.1
Project("{9A19103F-16F7-4668-BE54-9A1E7A4F7556}") = "Roulette", "Roulette.csproj", "{CEA3AEF0-C4E8-4BF8-8D2B-410AA1A04D7F}"
	ProjectSection(ProjectDependencies) = postProject
		{B1F87AB2-B539-4C00-906C-529F085D3819} = {B1F87AB2-B539-4C00-906C-529F085D3819}
	EndProjectSection
EndProject
Project("{9A19103F-16F7-4668-BE54-9A1E7A4F7556}") = "Roulette.DataAccess", "..\Roulette.DataAccess\Roulette.DataAccess.csproj", "{B1F87AB2-B539-4C00-906C-529F085D3819}"
EndProject
Global
	GlobalSection(SolutionConfigurationPlatforms) = preSolution
		Debug|Any CPU = Debug|Any CPU
		Release|Any CPU = Release|Any CPU
	EndGlobalSection
	GlobalSection(ProjectConfigurationPlatforms) = postSolution
		{CEA3AEF0-C4E8-4BF8-8D2B-410AA1A04D7F}.Debug|Any CPU.ActiveCfg = Debug|Any CPU
		{CEA3AEF0-C4E8-4BF8-8D2B-410AA1A04D7F}.Debug|Any CPU.Build.0 = Debug|Any CPU
		{CEA3AEF0-C4E8-4BF8-8D2B-410AA1A04D7F}.Release|Any CPU.ActiveCfg = Release|Any CPU
		{CEA3AEF0-C4E8-4BF8-8D2B-410AA1A04D7F}.Release|Any CPU.Build.0 = Release|Any CPU
		{B1F87AB2-B539-4C00-906C-529F085D3819}.Debug|Any CPU.ActiveCfg = Debug|Any CPU
		{B1F87AB2-B539-4C00-906C-529F085D3819}.Debug|Any CPU.Build.0 = Debug|Any CPU
		{B1F87AB2-B539-4C00-906C-529F085D3819}.Release|Any CPU.ActiveCfg = Release|Any CPU
		{B1F87AB2-B539-4C00-906C-529F085D3819}.Release|Any CPU.Build.0 = Release|Any CPU
	EndGlobalSection
	GlobalSection(SolutionProperties) = preSolution
		HideSolutionNode = FALSE
	EndGlobalSection
	GlobalSection(ExtensibilityGlobals) = postSolution
		SolutionGuid = {1CFE18F9-9CF0-4C0E-8A48-4E12D44FAEE5}
	EndGlobalSection
EndGlobal
